// !$*UTF8*$!
{
	archiveVersion = 1;
	classes = {
	};
	objectVersion = 50;
	objects = {

/* Begin PBXBuildFile section */
		BDA4F7852487631D00A51F9C /* RedditPostCollectionViewCell.swift in Sources */ = {isa = PBXBuildFile; fileRef = BDA4F7842487631D00A51F9C /* RedditPostCollectionViewCell.swift */; };
		BDA4F7892487651100A51F9C /* ConvenienceProtocols.swift in Sources */ = {isa = PBXBuildFile; fileRef = BDA4F7882487651100A51F9C /* ConvenienceProtocols.swift */; };
		BDA4F78B24884AA900A51F9C /* UICollectionView+Extensions.swift in Sources */ = {isa = PBXBuildFile; fileRef = BDA4F78A24884AA900A51F9C /* UICollectionView+Extensions.swift */; };
		BDFB1C37248748150084776C /* AppDelegate.swift in Sources */ = {isa = PBXBuildFile; fileRef = BDFB1C36248748150084776C /* AppDelegate.swift */; };
		BDFB1C39248748150084776C /* SceneDelegate.swift in Sources */ = {isa = PBXBuildFile; fileRef = BDFB1C38248748150084776C /* SceneDelegate.swift */; };
		BDFB1C3B248748150084776C /* ViewController.swift in Sources */ = {isa = PBXBuildFile; fileRef = BDFB1C3A248748150084776C /* ViewController.swift */; };
		BDFB1C3E248748160084776C /* Main.storyboard in Resources */ = {isa = PBXBuildFile; fileRef = BDFB1C3C248748160084776C /* Main.storyboard */; };
		BDFB1C40248748170084776C /* Assets.xcassets in Resources */ = {isa = PBXBuildFile; fileRef = BDFB1C3F248748170084776C /* Assets.xcassets */; };
		BDFB1C43248748170084776C /* LaunchScreen.storyboard in Resources */ = {isa = PBXBuildFile; fileRef = BDFB1C41248748170084776C /* LaunchScreen.storyboard */; };
		BDFB1C4E2487491D0084776C /* RedditModel.swift in Sources */ = {isa = PBXBuildFile; fileRef = BDFB1C4D2487491D0084776C /* RedditModel.swift */; };
		BDFB1C50248749C40084776C /* RedditFeedController.swift in Sources */ = {isa = PBXBuildFile; fileRef = BDFB1C4F248749C40084776C /* RedditFeedController.swift */; };
/* End PBXBuildFile section */

/* Begin PBXFileReference section */
		BDA4F7842487631D00A51F9C /* RedditPostCollectionViewCell.swift */ = {isa = PBXFileReference; lastKnownFileType = sourcecode.swift; path = RedditPostCollectionViewCell.swift; sourceTree = "<group>"; };
		BDA4F7882487651100A51F9C /* ConvenienceProtocols.swift */ = {isa = PBXFileReference; lastKnownFileType = sourcecode.swift; path = ConvenienceProtocols.swift; sourceTree = "<group>"; };
		BDA4F78A24884AA900A51F9C /* UICollectionView+Extensions.swift */ = {isa = PBXFileReference; lastKnownFileType = sourcecode.swift; path = "UICollectionView+Extensions.swift"; sourceTree = "<group>"; };
		BDFB1C33248748150084776C /* Luvit-challenge.app */ = {isa = PBXFileReference; explicitFileType = wrapper.application; includeInIndex = 0; path = "Luvit-challenge.app"; sourceTree = BUILT_PRODUCTS_DIR; };
		BDFB1C36248748150084776C /* AppDelegate.swift */ = {isa = PBXFileReference; lastKnownFileType = sourcecode.swift; path = AppDelegate.swift; sourceTree = "<group>"; };
		BDFB1C38248748150084776C /* SceneDelegate.swift */ = {isa = PBXFileReference; lastKnownFileType = sourcecode.swift; path = SceneDelegate.swift; sourceTree = "<group>"; };
		BDFB1C3A248748150084776C /* ViewController.swift */ = {isa = PBXFileReference; lastKnownFileType = sourcecode.swift; path = ViewController.swift; sourceTree = "<group>"; };
		BDFB1C3D248748160084776C /* Base */ = {isa = PBXFileReference; lastKnownFileType = file.storyboard; name = Base; path = Base.lproj/Main.storyboard; sourceTree = "<group>"; };
		BDFB1C3F248748170084776C /* Assets.xcassets */ = {isa = PBXFileReference; lastKnownFileType = folder.assetcatalog; path = Assets.xcassets; sourceTree = "<group>"; };
		BDFB1C42248748170084776C /* Base */ = {isa = PBXFileReference; lastKnownFileType = file.storyboard; name = Base; path = Base.lproj/LaunchScreen.storyboard; sourceTree = "<group>"; };
		BDFB1C44248748170084776C /* Info.plist */ = {isa = PBXFileReference; lastKnownFileType = text.plist.xml; path = Info.plist; sourceTree = "<group>"; };
		BDFB1C4D2487491D0084776C /* RedditModel.swift */ = {isa = PBXFileReference; lastKnownFileType = sourcecode.swift; path = RedditModel.swift; sourceTree = "<group>"; };
		BDFB1C4F248749C40084776C /* RedditFeedController.swift */ = {isa = PBXFileReference; lastKnownFileType = sourcecode.swift; path = RedditFeedController.swift; sourceTree = "<group>"; };
/* End PBXFileReference section */

/* Begin PBXFrameworksBuildPhase section */
		BDFB1C30248748150084776C /* Frameworks */ = {
			isa = PBXFrameworksBuildPhase;
			buildActionMask = 2147483647;
			files = (
			);
			runOnlyForDeploymentPostprocessing = 0;
		};
/* End PBXFrameworksBuildPhase section */

/* Begin PBXGroup section */
		BDA4F786248764F200A51F9C /* Extensions */ = {
			isa = PBXGroup;
			children = (
				BDA4F78A24884AA900A51F9C /* UICollectionView+Extensions.swift */,
			);
			path = Extensions;
			sourceTree = "<group>";
		};
		BDA4F7872487650000A51F9C /* Protocols */ = {
			isa = PBXGroup;
			children = (
				BDA4F7882487651100A51F9C /* ConvenienceProtocols.swift */,
			);
			path = Protocols;
			sourceTree = "<group>";
		};
		BDFB1C2A248748150084776C = {
			isa = PBXGroup;
			children = (
				BDFB1C35248748150084776C /* Luvit-challenge */,
				BDFB1C34248748150084776C /* Products */,
			);
			sourceTree = "<group>";
		};
		BDFB1C34248748150084776C /* Products */ = {
			isa = PBXGroup;
			children = (
				BDFB1C33248748150084776C /* Luvit-challenge.app */,
			);
			name = Products;
			sourceTree = "<group>";
		};
		BDFB1C35248748150084776C /* Luvit-challenge */ = {
			isa = PBXGroup;
			children = (
				BDA4F7872487650000A51F9C /* Protocols */,
				BDA4F786248764F200A51F9C /* Extensions */,
				BDFB1C4C248748780084776C /* Controller */,
				BDFB1C4B248748730084776C /* View */,
				BDFB1C4A2487485D0084776C /* Model */,
				BDFB1C36248748150084776C /* AppDelegate.swift */,
				BDFB1C38248748150084776C /* SceneDelegate.swift */,
				BDFB1C3C248748160084776C /* Main.storyboard */,
				BDFB1C3F248748170084776C /* Assets.xcassets */,
				BDFB1C41248748170084776C /* LaunchScreen.storyboard */,
				BDFB1C44248748170084776C /* Info.plist */,
			);
			path = "Luvit-challenge";
			sourceTree = "<group>";
		};
		BDFB1C4A2487485D0084776C /* Model */ = {
			isa = PBXGroup;
			children = (
				BDFB1C4D2487491D0084776C /* RedditModel.swift */,
			);
			path = Model;
			sourceTree = "<group>";
		};
		BDFB1C4B248748730084776C /* View */ = {
			isa = PBXGroup;
			children = (
				BDFB1C3A248748150084776C /* ViewController.swift */,
				BDA4F7842487631D00A51F9C /* RedditPostCollectionViewCell.swift */,
			);
			path = View;
			sourceTree = "<group>";
		};
		BDFB1C4C248748780084776C /* Controller */ = {
			isa = PBXGroup;
			children = (
				BDFB1C4F248749C40084776C /* RedditFeedController.swift */,
			);
			path = Controller;
			sourceTree = "<group>";
		};
/* End PBXGroup section */

/* Begin PBXNativeTarget section */
		BDFB1C32248748150084776C /* Luvit-challenge */ = {
			isa = PBXNativeTarget;
			buildConfigurationList = BDFB1C47248748170084776C /* Build configuration list for PBXNativeTarget "Luvit-challenge" */;
			buildPhases = (
				BDFB1C2F248748150084776C /* Sources */,
				BDFB1C30248748150084776C /* Frameworks */,
				BDFB1C31248748150084776C /* Resources */,
			);
			buildRules = (
			);
			dependencies = (
			);
			name = "Luvit-challenge";
			productName = "Luvit-challenge";
			productReference = BDFB1C33248748150084776C /* Luvit-challenge.app */;
			productType = "com.apple.product-type.application";
		};
/* End PBXNativeTarget section */

/* Begin PBXProject section */
		BDFB1C2B248748150084776C /* Project object */ = {
			isa = PBXProject;
			attributes = {
				LastSwiftUpdateCheck = 1140;
				LastUpgradeCheck = 1140;
				ORGANIZATIONNAME = "Fernando Martin Garcia Del Angel";
				TargetAttributes = {
					BDFB1C32248748150084776C = {
						CreatedOnToolsVersion = 11.4.1;
					};
				};
			};
			buildConfigurationList = BDFB1C2E248748150084776C /* Build configuration list for PBXProject "Luvit-challenge" */;
			compatibilityVersion = "Xcode 9.3";
			developmentRegion = en;
			hasScannedForEncodings = 0;
			knownRegions = (
				en,
				Base,
			);
			mainGroup = BDFB1C2A248748150084776C;
			productRefGroup = BDFB1C34248748150084776C /* Products */;
			projectDirPath = "";
			projectRoot = "";
			targets = (
				BDFB1C32248748150084776C /* Luvit-challenge */,
			);
		};
/* End PBXProject section */

/* Begin PBXResourcesBuildPhase section */
		BDFB1C31248748150084776C /* Resources */ = {
			isa = PBXResourcesBuildPhase;
			buildActionMask = 2147483647;
			files = (
				BDFB1C43248748170084776C /* LaunchScreen.storyboard in Resources */,
				BDFB1C40248748170084776C /* Assets.xcassets in Resources */,
				BDFB1C3E248748160084776C /* Main.storyboard in Resources */,
			);
			runOnlyForDeploymentPostprocessing = 0;
		};
/* End PBXResourcesBuildPhase section */

/* Begin PBXSourcesBuildPhase section */
		BDFB1C2F248748150084776C /* Sources */ = {
			isa = PBXSourcesBuildPhase;
			buildActionMask = 2147483647;
			files = (
				BDA4F7852487631D00A51F9C /* RedditPostCollectionViewCell.swift in Sources */,
				BDFB1C3B248748150084776C /* ViewController.swift in Sources */,
				BDFB1C4E2487491D0084776C /* RedditModel.swift in Sources */,
				BDFB1C37248748150084776C /* AppDelegate.swift in Sources */,
				BDA4F78B24884AA900A51F9C /* UICollectionView+Extensions.swift in Sources */,
				BDFB1C39248748150084776C /* SceneDelegate.swift in Sources */,
				BDFB1C50248749C40084776C /* RedditFeedController.swift in Sources */,
				BDA4F7892487651100A51F9C /* ConvenienceProtocols.swift in Sources */,
			);
			runOnlyForDeploymentPostprocessing = 0;
		};
/* End PBXSourcesBuildPhase section */

/* Begin PBXVariantGroup section */
		BDFB1C3C248748160084776C /* Main.storyboard */ = {
			isa = PBXVariantGroup;
			children = (
				BDFB1C3D248748160084776C /* Base */,
			);
			name = Main.storyboard;
			sourceTree = "<group>";
		};
		BDFB1C41248748170084776C /* LaunchScreen.storyboard */ = {
			isa = PBXVariantGroup;
			children = (
				BDFB1C42248748170084776C /* Base */,
			);
			name = LaunchScreen.storyboard;
			sourceTree = "<group>";
		};
/* End PBXVariantGroup section */

/* Begin XCBuildConfiguration section */
		BDFB1C45248748170084776C /* Debug */ = {
			isa = XCBuildConfiguration;
			buildSettings = {
				ALWAYS_SEARCH_USER_PATHS = NO;
				CLANG_ANALYZER_NONNULL = YES;
				CLANG_ANALYZER_NUMBER_OBJECT_CONVERSION = YES_AGGRESSIVE;
				CLANG_CXX_LANGUAGE_STANDARD = "gnu++14";
				CLANG_CXX_LIBRARY = "libc++";
				CLANG_ENABLE_MODULES = YES;
				CLANG_ENABLE_OBJC_ARC = YES;
				CLANG_ENABLE_OBJC_WEAK = YES;
				CLANG_WARN_BLOCK_CAPTURE_AUTORELEASING = YES;
				CLANG_WARN_BOOL_CONVERSION = YES;
				CLANG_WARN_COMMA = YES;
				CLANG_WARN_CONSTANT_CONVERSION = YES;
				CLANG_WARN_DEPRECATED_OBJC_IMPLEMENTATIONS = YES;
				CLANG_WARN_DIRECT_OBJC_ISA_USAGE = YES_ERROR;
				CLANG_WARN_DOCUMENTATION_COMMENTS = YES;
				CLANG_WARN_EMPTY_BODY = YES;
				CLANG_WARN_ENUM_CONVERSION = YES;
				CLANG_WARN_INFINITE_RECURSION = YES;
				CLANG_WARN_INT_CONVERSION = YES;
				CLANG_WARN_NON_LITERAL_NULL_CONVERSION = YES;
				CLANG_WARN_OBJC_IMPLICIT_RETAIN_SELF = YES;
				CLANG_WARN_OBJC_LITERAL_CONVERSION = YES;
				CLANG_WARN_OBJC_ROOT_CLASS = YES_ERROR;
				CLANG_WARN_RANGE_LOOP_ANALYSIS = YES;
				CLANG_WARN_STRICT_PROTOTYPES = YES;
				CLANG_WARN_SUSPICIOUS_MOVE = YES;
				CLANG_WARN_UNGUARDED_AVAILABILITY = YES_AGGRESSIVE;
				CLANG_WARN_UNREACHABLE_CODE = YES;
				CLANG_WARN__DUPLICATE_METHOD_MATCH = YES;
				COPY_PHASE_STRIP = NO;
				DEBUG_INFORMATION_FORMAT = dwarf;
				ENABLE_STRICT_OBJC_MSGSEND = YES;
				ENABLE_TESTABILITY = YES;
				GCC_C_LANGUAGE_STANDARD = gnu11;
				GCC_DYNAMIC_NO_PIC = NO;
				GCC_NO_COMMON_BLOCKS = YES;
				GCC_OPTIMIZATION_LEVEL = 0;
				GCC_PREPROCESSOR_DEFINITIONS = (
					"DEBUG=1",
					"$(inherited)",
				);
				GCC_WARN_64_TO_32_BIT_CONVERSION = YES;
				GCC_WARN_ABOUT_RETURN_TYPE = YES_ERROR;
				GCC_WARN_UNDECLARED_SELECTOR = YES;
				GCC_WARN_UNINITIALIZED_AUTOS = YES_AGGRESSIVE;
				GCC_WARN_UNUSED_FUNCTION = YES;
				GCC_WARN_UNUSED_VARIABLE = YES;
				IPHONEOS_DEPLOYMENT_TARGET = 13.4;
				MTL_ENABLE_DEBUG_INFO = INCLUDE_SOURCE;
				MTL_FAST_MATH = YES;
				ONLY_ACTIVE_ARCH = YES;
				SDKROOT = iphoneos;
				SWIFT_ACTIVE_COMPILATION_CONDITIONS = DEBUG;
				SWIFT_OPTIMIZATION_LEVEL = "-Onone";
			};
			name = Debug;
		};
		BDFB1C46248748170084776C /* Release */ = {
			isa = XCBuildConfiguration;
			buildSettings = {
				ALWAYS_SEARCH_USER_PATHS = NO;
				CLANG_ANALYZER_NONNULL = YES;
				CLANG_ANALYZER_NUMBER_OBJECT_CONVERSION = YES_AGGRESSIVE;
				CLANG_CXX_LANGUAGE_STANDARD = "gnu++14";
				CLANG_CXX_LIBRARY = "libc++";
				CLANG_ENABLE_MODULES = YES;
				CLANG_ENABLE_OBJC_ARC = YES;
				CLANG_ENABLE_OBJC_WEAK = YES;
				CLANG_WARN_BLOCK_CAPTURE_AUTORELEASING = YES;
				CLANG_WARN_BOOL_CONVERSION = YES;
				CLANG_WARN_COMMA = YES;
				CLANG_WARN_CONSTANT_CONVERSION = YES;
				CLANG_WARN_DEPRECATED_OBJC_IMPLEMENTATIONS = YES;
				CLANG_WARN_DIRECT_OBJC_ISA_USAGE = YES_ERROR;
				CLANG_WARN_DOCUMENTATION_COMMENTS = YES;
				CLANG_WARN_EMPTY_BODY = YES;
				CLANG_WARN_ENUM_CONVERSION = YES;
				CLANG_WARN_INFINITE_RECURSION = YES;
				CLANG_WARN_INT_CONVERSION = YES;
				CLANG_WARN_NON_LITERAL_NULL_CONVERSION = YES;
				CLANG_WARN_OBJC_IMPLICIT_RETAIN_SELF = YES;
				CLANG_WARN_OBJC_LITERAL_CONVERSION = YES;
				CLANG_WARN_OBJC_ROOT_CLASS = YES_ERROR;
				CLANG_WARN_RANGE_LOOP_ANALYSIS = YES;
				CLANG_WARN_STRICT_PROTOTYPES = YES;
				CLANG_WARN_SUSPICIOUS_MOVE = YES;
				CLANG_WARN_UNGUARDED_AVAILABILITY = YES_AGGRESSIVE;
				CLANG_WARN_UNREACHABLE_CODE = YES;
				CLANG_WARN__DUPLICATE_METHOD_MATCH = YES;
				COPY_PHASE_STRIP = NO;
				DEBUG_INFORMATION_FORMAT = "dwarf-with-dsym";
				ENABLE_NS_ASSERTIONS = NO;
				ENABLE_STRICT_OBJC_MSGSEND = YES;
				GCC_C_LANGUAGE_STANDARD = gnu11;
				GCC_NO_COMMON_BLOCKS = YES;
				GCC_WARN_64_TO_32_BIT_CONVERSION = YES;
				GCC_WARN_ABOUT_RETURN_TYPE = YES_ERROR;
				GCC_WARN_UNDECLARED_SELECTOR = YES;
				GCC_WARN_UNINITIALIZED_AUTOS = YES_AGGRESSIVE;
				GCC_WARN_UNUSED_FUNCTION = YES;
				GCC_WARN_UNUSED_VARIABLE = YES;
				IPHONEOS_DEPLOYMENT_TARGET = 13.4;
				MTL_ENABLE_DEBUG_INFO = NO;
				MTL_FAST_MATH = YES;
				SDKROOT = iphoneos;
				SWIFT_COMPILATION_MODE = wholemodule;
				SWIFT_OPTIMIZATION_LEVEL = "-O";
				VALIDATE_PRODUCT = YES;
			};
			name = Release;
		};
		BDFB1C48248748170084776C /* Debug */ = {
			isa = XCBuildConfiguration;
			buildSettings = {
				ASSETCATALOG_COMPILER_APPICON_NAME = AppIcon;
				CODE_SIGN_STYLE = Automatic;
				DEVELOPMENT_TEAM = R935X42Z66;
				INFOPLIST_FILE = "Luvit-challenge/Info.plist";
				LD_RUNPATH_SEARCH_PATHS = (
					"$(inherited)",
					"@executable_path/Frameworks",
				);
				PRODUCT_BUNDLE_IDENTIFIER = "com.martntn.Luvit-challenge";
				PRODUCT_NAME = "$(TARGET_NAME)";
				SWIFT_VERSION = 5.0;
				TARGETED_DEVICE_FAMILY = "1,2";
			};
			name = Debug;
		};
		BDFB1C49248748170084776C /* Release */ = {
			isa = XCBuildConfiguration;
			buildSettings = {
				ASSETCATALOG_COMPILER_APPICON_NAME = AppIcon;
				CODE_SIGN_STYLE = Automatic;
				DEVELOPMENT_TEAM = R935X42Z66;
				INFOPLIST_FILE = "Luvit-challenge/Info.plist";
				LD_RUNPATH_SEARCH_PATHS = (
					"$(inherited)",
					"@executable_path/Frameworks",
				);
				PRODUCT_BUNDLE_IDENTIFIER = "com.martntn.Luvit-challenge";
				PRODUCT_NAME = "$(TARGET_NAME)";
				SWIFT_VERSION = 5.0;
				TARGETED_DEVICE_FAMILY = "1,2";
			};
			name = Release;
		};
/* End XCBuildConfiguration section */

/* Begin XCConfigurationList section */
		BDFB1C2E248748150084776C /* Build configuration list for PBXProject "Luvit-challenge" */ = {
			isa = XCConfigurationList;
			buildConfigurations = (
				BDFB1C45248748170084776C /* Debug */,
				BDFB1C46248748170084776C /* Release */,
			);
			defaultConfigurationIsVisible = 0;
			defaultConfigurationName = Release;
		};
		BDFB1C47248748170084776C /* Build configuration list for PBXNativeTarget "Luvit-challenge" */ = {
			isa = XCConfigurationList;
			buildConfigurations = (
				BDFB1C48248748170084776C /* Debug */,
				BDFB1C49248748170084776C /* Release */,
			);
			defaultConfigurationIsVisible = 0;
			defaultConfigurationName = Release;
		};
/* End XCConfigurationList section */
	};
	rootObject = BDFB1C2B248748150084776C /* Project object */;
}
